
Microsoft Visual Studio Solution File, Format Version 12.00
# Visual Studio Version 16
VisualStudioVersion = 16.0.32002.261
MinimumVisualStudioVersion = 10.0.40219.1
Project("{FAE04EC0-301F-11D3-BF4B-00C04F79EFBC}") = "WindowsServiceUsage", "WindowsServiceUsage\WindowsServiceUsage.csproj", "{70C10CBB-2DF9-4E69-B6A7-FF1E20BDC4FC}"
EndProject
Global
	GlobalSection(SolutionConfigurationPlatforms) = preSolution
		Debug|Any CPU = Debug|Any CPU
		Release|Any CPU = Release|Any CPU
	EndGlobalSection
	GlobalSection(ProjectConfigurationPlatforms) = postSolution
		{70C10CBB-2DF9-4E69-B6A7-FF1E20BDC4FC}.Debug|Any CPU.ActiveCfg = Debug|Any CPU
		{70C10CBB-2DF9-4E69-B6A7-FF1E20BDC4FC}.Debug|Any CPU.Build.0 = Debug|Any CPU
		{70C10CBB-2DF9-4E69-B6A7-FF1E20BDC4FC}.Release|Any CPU.ActiveCfg = Release|Any CPU
		{70C10CBB-2DF9-4E69-B6A7-FF1E20BDC4FC}.Release|Any CPU.Build.0 = Release|Any CPU
	EndGlobalSection
	GlobalSection(SolutionProperties) = preSolution
		HideSolutionNode = FALSE
	EndGlobalSection
	GlobalSection(ExtensibilityGlobals) = postSolution
		SolutionGuid = {E1CE0BBE-1A25-4F07-9CA6-FDEEA48857D8}
	EndGlobalSection
EndGlobal
